# @generated - this file is auto-generated by `mise lock` https://mise.jdx.dev/dev-tools/mise-lock.html

lockfile_version = 1

[[tools."aqua:rhysd/actionlint"]]
version = "1.7.12"
backend = "aqua:rhysd/actionlint"
specifiers = ["1.7.12"]

[[tools.zizmor]]
version = "1.29.0"
backend = "aqua:zizmorcore/zizmor"
specifiers = ["1.29.0"]
